
Microsoft Visual Studio Solution File, Format Version 12.00
# Visual Studio Version 17
VisualStudioVersion = 17.5.33516.290
MinimumVisualStudioVersion = 10.0.40219.1
Project("{FAE04EC0-301F-11D3-BF4B-00C04F79EFBC}") = "CSCI 2210 - AVL Tree Lab", "CSCI 2210 - AVL Tree Lab\CSCI 2210 - AVL Tree Lab.csproj", "{41F7D61C-51B9-4A0A-9C0A-AAFC931F1C4D}"
EndProject
Global
	GlobalSection(SolutionConfigurationPlatforms) = preSolution
		Debug|Any CPU = Debug|Any CPU
		Release|Any CPU = Release|Any CPU
	EndGlobalSection
	GlobalSection(ProjectConfigurationPlatforms) = postSolution
		{41F7D61C-51B9-4A0A-9C0A-AAFC931F1C4D}.Debug|Any CPU.ActiveCfg = Debug|Any CPU
		{41F7D61C-51B9-4A0A-9C0A-AAFC931F1C4D}.Debug|Any CPU.Build.0 = Debug|Any CPU
		{41F7D61C-51B9-4A0A-9C0A-AAFC931F1C4D}.Release|Any CPU.ActiveCfg = Release|Any CPU
		{41F7D61C-51B9-4A0A-9C0A-AAFC931F1C4D}.Release|Any CPU.Build.0 = Release|Any CPU
	EndGlobalSection
	GlobalSection(SolutionProperties) = preSolution
		HideSolutionNode = FALSE
	EndGlobalSection
	GlobalSection(ExtensibilityGlobals) = postSolution
		SolutionGuid = {F30DE106-0A1F-46BC-A4C9-8EC669F0B03C}
	EndGlobalSection
EndGlobal
